
Microsoft Visual Studio Solution File, Format Version 12.00
# Visual Studio Version 16
VisualStudioVersion = 16.0.29025.244
MinimumVisualStudioVersion = 10.0.40219.1
Project("{8BC9CEB8-8B4A-11D0-8D11-00A0C91BC942}") = "infa2lab", "infa2lab\infa2lab.vcxproj", "{E0DB7D5D-205C-4BA0-9411-19C407318027}"
EndProject
Global
	GlobalSection(SolutionConfigurationPlatforms) = preSolution
		Debug|x64 = Debug|x64
		Debug|x86 = Debug|x86
		Release|x64 = Release|x64
		Release|x86 = Release|x86
	EndGlobalSection
	GlobalSection(ProjectConfigurationPlatforms) = postSolution
		{E0DB7D5D-205C-4BA0-9411-19C407318027}.Debug|x64.ActiveCfg = Debug|x64
		{E0DB7D5D-205C-4BA0-9411-19C407318027}.Debug|x64.Build.0 = Debug|x64
		{E0DB7D5D-205C-4BA0-9411-19C407318027}.Debug|x86.ActiveCfg = Debug|Win32
		{E0DB7D5D-205C-4BA0-9411-19C407318027}.Debug|x86.Build.0 = Debug|Win32
		{E0DB7D5D-205C-4BA0-9411-19C407318027}.Release|x64.ActiveCfg = Release|x64
		{E0DB7D5D-205C-4BA0-9411-19C407318027}.Release|x64.Build.0 = Release|x64
		{E0DB7D5D-205C-4BA0-9411-19C407318027}.Release|x86.ActiveCfg = Release|Win32
		{E0DB7D5D-205C-4BA0-9411-19C407318027}.Release|x86.Build.0 = Release|Win32
	EndGlobalSection
	GlobalSection(SolutionProperties) = preSolution
		HideSolutionNode = FALSE
	EndGlobalSection
	GlobalSection(ExtensibilityGlobals) = postSolution
		SolutionGuid = {2B6B38EC-B228-4DE1-BEB2-C8E1D6FA837A}
	EndGlobalSection
EndGlobal
